<?xml version="1.0" encoding="UTF-8"?>
<Scheme
   LastUpgradeVersion = "1540"
   version = "1.7">
   <BuildAction
      parallelizeBuildables = "YES"
      buildImplicitDependencies = "YES"
      buildArchitectures = "Automatic">
      <BuildActionEntries>
         <BuildActionEntry
            buildForTesting = "YES"
            buildForRunning = "YES"
            buildForProfiling = "YES"
            buildForArchiving = "YES"
            buildForAnalyzing = "YES">
            <BuildableReference
               BuildableIdentifier = "primary"
               BlueprintIdentifier = "9D35C0DA2C3BC468000D1587"
               BuildableName = "SATechnologies_Tech_Test.app"
               BlueprintName = "SATechnologies_Tech_Test"
               ReferencedContainer = "container:SATechnologies_Tech_Test.xcodeproj">
            </BuildableReference>
         </BuildActionEntry>
      </BuildActionEntries>
   </BuildAction>
   <TestAction
      buildConfiguration = "Debug"
      selectedDebuggerIdentifier = "Xcode.DebuggerFoundation.Debugger.LLDB"
      selectedLauncherIdentifier = "Xcode.DebuggerFoundation.Launcher.LLDB"
      shouldUseLaunchSchemeArgsEnv = "YES"
      shouldAutocreateTestPlan = "YES">
      <Testables>
         <TestableReference
            skipped = "NO"
            parallelizable = "YES">
            <BuildableReference
               BuildableIdentifier = "primary"
               BlueprintIdentifier = "9D3389782C412875002B13D6"
               BuildableName = "SATechnologies_Tech_Test_Unit_Tests.xctest"
               BlueprintName = "SATechnologies_Tech_Test_Unit_Tests"
               ReferencedContainer = "container:SATechnologies_Tech_Test.xcodeproj">
            </BuildableReference>
            <SkippedTests>
               <Test
                  Identifier = "SATechnologies_Tech_TestUITests">
               </Test>
            </SkippedTests>
         </TestableReference>
      </Testables>
   </TestAction>
   <LaunchAction
      buildConfiguration = "Debug"
      selectedDebuggerIdentifier = "Xcode.DebuggerFoundation.Debugger.LLDB"
      selectedLauncherIdentifier = "Xcode.DebuggerFoundation.Launcher.LLDB"
      launchStyle = "0"
      useCustomWorkingDirectory = "NO"
      ignoresPersistentStateOnLaunch = "NO"
      debugDocumentVersioning = "YES"
      debugServiceExtension = "internal"
      allowLocationSimulation = "YES">
      <BuildableProductRunnable
         runnableDebuggingMode = "0">
         <BuildableReference
            BuildableIdentifier = "primary"
            BlueprintIdentifier = "9D35C0DA2C3BC468000D1587"
            BuildableName = "SATechnologies_Tech_Test.app"
            BlueprintName = "SATechnologies_Tech_Test"
            ReferencedContainer = "container:SATechnologies_Tech_Test.xcodeproj">
         </BuildableReference>
      </BuildableProductRunnable>
   </LaunchAction>
   <ProfileAction
      buildConfiguration = "Release"
      shouldUseLaunchSchemeArgsEnv = "YES"
      savedToolIdentifier = ""
      useCustomWorkingDirectory = "NO"
      debugDocumentVersioning = "YES">
      <BuildableProductRunnable
         runnableDebuggingMode = "0">
         <BuildableReference
            BuildableIdentifier = "primary"
            BlueprintIdentifier = "9D35C0DA2C3BC468000D1587"
            BuildableName = "SATechnologies_Tech_Test.app"
            BlueprintName = "SATechnologies_Tech_Test"
            ReferencedContainer = "container:SATechnologies_Tech_Test.xcodeproj">
         </BuildableReference>
      </BuildableProductRunnable>
   </ProfileAction>
   <AnalyzeAction
      buildConfiguration = "Debug">
   </AnalyzeAction>
   <ArchiveAction
      buildConfiguration = "Release"
      revealArchiveInOrganizer = "YES">
   </ArchiveAction>
</Scheme>
