// !$*UTF8*$!
{
	archiveVersion = 1;
	classes = {
	};
	objectVersion = 56;
	objects = {

/* Begin PBXBuildFile section */
		9D0520C02C477FEA009C3624 /* APIManagerTests.swift in Sources */ = {isa = PBXBuildFile; fileRef = 9D0520BF2C477FEA009C3624 /* APIManagerTests.swift */; };
		9D0520C32C47CF72009C3624 /* APIManagerTests + Inspection.swift in Sources */ = {isa = PBXBuildFile; fileRef = 9D0520C22C47CF72009C3624 /* APIManagerTests + Inspection.swift */; };
		9D0B062B2C424FD800992975 /* RegisterViewModelTests.swift in Sources */ = {isa = PBXBuildFile; fileRef = 9D0B062A2C424FD800992975 /* RegisterViewModelTests.swift */; };
		9D21E40C2C3D113E008077B8 /* Inspection_QnA+UITableView.swift in Sources */ = {isa = PBXBuildFile; fileRef = 9D21E40B2C3D113E008077B8 /* Inspection_QnA+UITableView.swift */; };
		9D21E40E2C3D17C5008077B8 /* DataManager.swift in Sources */ = {isa = PBXBuildFile; fileRef = 9D21E40D2C3D17C5008077B8 /* DataManager.swift */; };
		9D3389672C4117D2002B13D6 /* InspectionModel + MockResponseData.swift in Sources */ = {isa = PBXBuildFile; fileRef = 9D3389662C4117D2002B13D6 /* InspectionModel + MockResponseData.swift */; };
		9D3389822C412881002B13D6 /* LoginViewModelTests.swift in Sources */ = {isa = PBXBuildFile; fileRef = 9D3389612C41165A002B13D6 /* LoginViewModelTests.swift */; };
		9D35C0DF2C3BC468000D1587 /* AppDelegate.swift in Sources */ = {isa = PBXBuildFile; fileRef = 9D35C0DE2C3BC468000D1587 /* AppDelegate.swift */; };
		9D35C0E12C3BC468000D1587 /* SceneDelegate.swift in Sources */ = {isa = PBXBuildFile; fileRef = 9D35C0E02C3BC468000D1587 /* SceneDelegate.swift */; };
		9D35C0E32C3BC468000D1587 /* LoginViewController.swift in Sources */ = {isa = PBXBuildFile; fileRef = 9D35C0E22C3BC468000D1587 /* LoginViewController.swift */; };
		9D35C0E62C3BC468000D1587 /* Base in Resources */ = {isa = PBXBuildFile; fileRef = 9D35C0E52C3BC468000D1587 /* Base */; };
		9D35C0E82C3BC469000D1587 /* Assets.xcassets in Resources */ = {isa = PBXBuildFile; fileRef = 9D35C0E72C3BC469000D1587 /* Assets.xcassets */; };
		9D35C0EB2C3BC469000D1587 /* Base in Resources */ = {isa = PBXBuildFile; fileRef = 9D35C0EA2C3BC469000D1587 /* Base */; };
		9D35C0F52C3BCA07000D1587 /* RegisterVC.swift in Sources */ = {isa = PBXBuildFile; fileRef = 9D35C0F42C3BCA07000D1587 /* RegisterVC.swift */; };
		9D35C0F72C3BCB29000D1587 /* APIManager.swift in Sources */ = {isa = PBXBuildFile; fileRef = 9D35C0F62C3BCB29000D1587 /* APIManager.swift */; };
		9D35C0F92C3BCCEC000D1587 /* APIManager + EndPoints.swift in Sources */ = {isa = PBXBuildFile; fileRef = 9D35C0F82C3BCCEC000D1587 /* APIManager + EndPoints.swift */; };
		9D35C0FC2C3BCD41000D1587 /* InspectionModel.swift in Sources */ = {isa = PBXBuildFile; fileRef = 9D35C0FB2C3BCD41000D1587 /* InspectionModel.swift */; };
		9D35C0FE2C3BCF06000D1587 /* AuthenticationModel.swift in Sources */ = {isa = PBXBuildFile; fileRef = 9D35C0FD2C3BCF06000D1587 /* AuthenticationModel.swift */; };
		9D35C1002C3BCF91000D1587 /* LoginViewModel.swift in Sources */ = {isa = PBXBuildFile; fileRef = 9D35C0FF2C3BCF91000D1587 /* LoginViewModel.swift */; };
		9D35C1022C3BD0DB000D1587 /* UIViewController + Extensions.swift in Sources */ = {isa = PBXBuildFile; fileRef = 9D35C1012C3BD0DB000D1587 /* UIViewController + Extensions.swift */; };
		9D35C1062C3BD98A000D1587 /* RegisterViewModel.swift in Sources */ = {isa = PBXBuildFile; fileRef = 9D35C1052C3BD98A000D1587 /* RegisterViewModel.swift */; };
		9D35C1082C3BE3B6000D1587 /* InspectionStoryboard.storyboard in Resources */ = {isa = PBXBuildFile; fileRef = 9D35C1072C3BE3B6000D1587 /* InspectionStoryboard.storyboard */; };
		9D35C10C2C3BE432000D1587 /* InspectionVC.swift in Sources */ = {isa = PBXBuildFile; fileRef = 9D35C10B2C3BE432000D1587 /* InspectionVC.swift */; };
		9D35C10E2C3BE44B000D1587 /* InspectionViewModel.swift in Sources */ = {isa = PBXBuildFile; fileRef = 9D35C10D2C3BE44B000D1587 /* InspectionViewModel.swift */; };
		9D35C1102C3C01A1000D1587 /* APIManager + Parser.swift in Sources */ = {isa = PBXBuildFile; fileRef = 9D35C10F2C3C01A1000D1587 /* APIManager + Parser.swift */; };
		9D35C1152C3C0AD2000D1587 /* InspectionVC+UITableViewDataSource.swift in Sources */ = {isa = PBXBuildFile; fileRef = 9D35C1142C3C0AD2000D1587 /* InspectionVC+UITableViewDataSource.swift */; };
		9D58F06D2C3FFBC80031C731 /* HistoryVC.swift in Sources */ = {isa = PBXBuildFile; fileRef = 9D58F06C2C3FFBC80031C731 /* HistoryVC.swift */; };
		9D58F06F2C3FFBF50031C731 /* HistoryViewModel.swift in Sources */ = {isa = PBXBuildFile; fileRef = 9D58F06E2C3FFBF50031C731 /* HistoryViewModel.swift */; };
		9D58F0712C3FFD530031C731 /* HistoryVC+UITableViewDataSource.swift in Sources */ = {isa = PBXBuildFile; fileRef = 9D58F0702C3FFD530031C731 /* HistoryVC+UITableViewDataSource.swift */; };
		9D58F0732C3FFDB50031C731 /* HistoryStoryboard.storyboard in Resources */ = {isa = PBXBuildFile; fileRef = 9D58F0722C3FFDB50031C731 /* HistoryStoryboard.storyboard */; };
		9D58F0772C400D5B0031C731 /* HistoryTableViewCell.swift in Sources */ = {isa = PBXBuildFile; fileRef = 9D58F0762C400D5B0031C731 /* HistoryTableViewCell.swift */; };
		9DD43CD12C3C37DF0057D0E0 /* Inspection_QnA_VC.swift in Sources */ = {isa = PBXBuildFile; fileRef = 9DD43CD02C3C37DF0057D0E0 /* Inspection_QnA_VC.swift */; };
		9DD43CD32C3C37F30057D0E0 /* Inspection_QnA_ViewModel.swift in Sources */ = {isa = PBXBuildFile; fileRef = 9DD43CD22C3C37F30057D0E0 /* Inspection_QnA_ViewModel.swift */; };
/* End PBXBuildFile section */

/* Begin PBXContainerItemProxy section */
		9D33897D2C412875002B13D6 /* PBXContainerItemProxy */ = {
			isa = PBXContainerItemProxy;
			containerPortal = 9D35C0D32C3BC468000D1587 /* Project object */;
			proxyType = 1;
			remoteGlobalIDString = 9D35C0DA2C3BC468000D1587;
			remoteInfo = SATechnologies_Tech_Test;
		};
/* End PBXContainerItemProxy section */

/* Begin PBXFileReference section */
		9D0520BF2C477FEA009C3624 /* APIManagerTests.swift */ = {isa = PBXFileReference; lastKnownFileType = sourcecode.swift; path = APIManagerTests.swift; sourceTree = "<group>"; };
		9D0520C22C47CF72009C3624 /* APIManagerTests + Inspection.swift */ = {isa = PBXFileReference; lastKnownFileType = sourcecode.swift; path = "APIManagerTests + Inspection.swift"; sourceTree = "<group>"; };
		9D0B062A2C424FD800992975 /* RegisterViewModelTests.swift */ = {isa = PBXFileReference; lastKnownFileType = sourcecode.swift; path = RegisterViewModelTests.swift; sourceTree = "<group>"; };
		9D21E40B2C3D113E008077B8 /* Inspection_QnA+UITableView.swift */ = {isa = PBXFileReference; lastKnownFileType = sourcecode.swift; path = "Inspection_QnA+UITableView.swift"; sourceTree = "<group>"; };
		9D21E40D2C3D17C5008077B8 /* DataManager.swift */ = {isa = PBXFileReference; lastKnownFileType = sourcecode.swift; path = DataManager.swift; sourceTree = "<group>"; };
		9D3389612C41165A002B13D6 /* LoginViewModelTests.swift */ = {isa = PBXFileReference; lastKnownFileType = sourcecode.swift; path = LoginViewModelTests.swift; sourceTree = "<group>"; };
		9D3389642C4116AE002B13D6 /* XCTest.framework */ = {isa = PBXFileReference; lastKnownFileType = wrapper.framework; name = XCTest.framework; path = Platforms/iPhoneOS.platform/Developer/Library/Frameworks/XCTest.framework; sourceTree = DEVELOPER_DIR; };
		9D3389662C4117D2002B13D6 /* InspectionModel + MockResponseData.swift */ = {isa = PBXFileReference; lastKnownFileType = sourcecode.swift; path = "InspectionModel + MockResponseData.swift"; sourceTree = "<group>"; };
		9D3389792C412875002B13D6 /* SATechnologies_Tech_Test_Unit_Tests.xctest */ = {isa = PBXFileReference; explicitFileType = wrapper.cfbundle; includeInIndex = 0; path = SATechnologies_Tech_Test_Unit_Tests.xctest; sourceTree = BUILT_PRODUCTS_DIR; };
		9D35C0DB2C3BC468000D1587 /* SATechnologies_Tech_Test.app */ = {isa = PBXFileReference; explicitFileType = wrapper.application; includeInIndex = 0; path = SATechnologies_Tech_Test.app; sourceTree = BUILT_PRODUCTS_DIR; };
		9D35C0DE2C3BC468000D1587 /* AppDelegate.swift */ = {isa = PBXFileReference; lastKnownFileType = sourcecode.swift; path = AppDelegate.swift; sourceTree = "<group>"; };
		9D35C0E02C3BC468000D1587 /* SceneDelegate.swift */ = {isa = PBXFileReference; lastKnownFileType = sourcecode.swift; path = SceneDelegate.swift; sourceTree = "<group>"; };
		9D35C0E22C3BC468000D1587 /* LoginViewController.swift */ = {isa = PBXFileReference; lastKnownFileType = sourcecode.swift; path = LoginViewController.swift; sourceTree = "<group>"; };
		9D35C0E52C3BC468000D1587 /* Base */ = {isa = PBXFileReference; lastKnownFileType = file.storyboard; name = Base; path = Base.lproj/Main.storyboard; sourceTree = "<group>"; };
		9D35C0E72C3BC469000D1587 /* Assets.xcassets */ = {isa = PBXFileReference; lastKnownFileType = folder.assetcatalog; path = Assets.xcassets; sourceTree = "<group>"; };
		9D35C0EA2C3BC469000D1587 /* Base */ = {isa = PBXFileReference; lastKnownFileType = file.storyboard; name = Base; path = Base.lproj/LaunchScreen.storyboard; sourceTree = "<group>"; };
		9D35C0EC2C3BC469000D1587 /* Info.plist */ = {isa = PBXFileReference; lastKnownFileType = text.plist.xml; path = Info.plist; sourceTree = "<group>"; };
		9D35C0F42C3BCA07000D1587 /* RegisterVC.swift */ = {isa = PBXFileReference; lastKnownFileType = sourcecode.swift; path = RegisterVC.swift; sourceTree = "<group>"; };
		9D35C0F62C3BCB29000D1587 /* APIManager.swift */ = {isa = PBXFileReference; lastKnownFileType = sourcecode.swift; path = APIManager.swift; sourceTree = "<group>"; };
		9D35C0F82C3BCCEC000D1587 /* APIManager + EndPoints.swift */ = {isa = PBXFileReference; lastKnownFileType = sourcecode.swift; path = "APIManager + EndPoints.swift"; sourceTree = "<group>"; };
		9D35C0FB2C3BCD41000D1587 /* InspectionModel.swift */ = {isa = PBXFileReference; lastKnownFileType = sourcecode.swift; path = InspectionModel.swift; sourceTree = "<group>"; };
		9D35C0FD2C3BCF06000D1587 /* AuthenticationModel.swift */ = {isa = PBXFileReference; lastKnownFileType = sourcecode.swift; path = AuthenticationModel.swift; sourceTree = "<group>"; };
		9D35C0FF2C3BCF91000D1587 /* LoginViewModel.swift */ = {isa = PBXFileReference; lastKnownFileType = sourcecode.swift; path = LoginViewModel.swift; sourceTree = "<group>"; };
		9D35C1012C3BD0DB000D1587 /* UIViewController + Extensions.swift */ = {isa = PBXFileReference; lastKnownFileType = sourcecode.swift; path = "UIViewController + Extensions.swift"; sourceTree = "<group>"; };
		9D35C1052C3BD98A000D1587 /* RegisterViewModel.swift */ = {isa = PBXFileReference; lastKnownFileType = sourcecode.swift; path = RegisterViewModel.swift; sourceTree = "<group>"; };
		9D35C1072C3BE3B6000D1587 /* InspectionStoryboard.storyboard */ = {isa = PBXFileReference; lastKnownFileType = file.storyboard; path = InspectionStoryboard.storyboard; sourceTree = "<group>"; };
		9D35C10B2C3BE432000D1587 /* InspectionVC.swift */ = {isa = PBXFileReference; lastKnownFileType = sourcecode.swift; path = InspectionVC.swift; sourceTree = "<group>"; };
		9D35C10D2C3BE44B000D1587 /* InspectionViewModel.swift */ = {isa = PBXFileReference; lastKnownFileType = sourcecode.swift; path = InspectionViewModel.swift; sourceTree = "<group>"; };
		9D35C10F2C3C01A1000D1587 /* APIManager + Parser.swift */ = {isa = PBXFileReference; lastKnownFileType = sourcecode.swift; path = "APIManager + Parser.swift"; sourceTree = "<group>"; };
		9D35C1142C3C0AD2000D1587 /* InspectionVC+UITableViewDataSource.swift */ = {isa = PBXFileReference; lastKnownFileType = sourcecode.swift; path = "InspectionVC+UITableViewDataSource.swift"; sourceTree = "<group>"; };
		9D58F06C2C3FFBC80031C731 /* HistoryVC.swift */ = {isa = PBXFileReference; lastKnownFileType = sourcecode.swift; path = HistoryVC.swift; sourceTree = "<group>"; };
		9D58F06E2C3FFBF50031C731 /* HistoryViewModel.swift */ = {isa = PBXFileReference; lastKnownFileType = sourcecode.swift; path = HistoryViewModel.swift; sourceTree = "<group>"; };
		9D58F0702C3FFD530031C731 /* HistoryVC+UITableViewDataSource.swift */ = {isa = PBXFileReference; lastKnownFileType = sourcecode.swift; path = "HistoryVC+UITableViewDataSource.swift"; sourceTree = "<group>"; };
		9D58F0722C3FFDB50031C731 /* HistoryStoryboard.storyboard */ = {isa = PBXFileReference; lastKnownFileType = file.storyboard; path = HistoryStoryboard.storyboard; sourceTree = "<group>"; };
		9D58F0762C400D5B0031C731 /* HistoryTableViewCell.swift */ = {isa = PBXFileReference; lastKnownFileType = sourcecode.swift; path = HistoryTableViewCell.swift; sourceTree = "<group>"; };
		9DD43CD02C3C37DF0057D0E0 /* Inspection_QnA_VC.swift */ = {isa = PBXFileReference; lastKnownFileType = sourcecode.swift; path = Inspection_QnA_VC.swift; sourceTree = "<group>"; };
		9DD43CD22C3C37F30057D0E0 /* Inspection_QnA_ViewModel.swift */ = {isa = PBXFileReference; lastKnownFileType = sourcecode.swift; path = Inspection_QnA_ViewModel.swift; sourceTree = "<group>"; };
/* End PBXFileReference section */

/* Begin PBXFrameworksBuildPhase section */
		9D3389762C412875002B13D6 /* Frameworks */ = {
			isa = PBXFrameworksBuildPhase;
			buildActionMask = 2147483647;
			files = (
			);
			runOnlyForDeploymentPostprocessing = 0;
		};
		9D35C0D82C3BC468000D1587 /* Frameworks */ = {
			isa = PBXFrameworksBuildPhase;
			buildActionMask = 2147483647;
			files = (
			);
			runOnlyForDeploymentPostprocessing = 0;
		};
/* End PBXFrameworksBuildPhase section */

/* Begin PBXGroup section */
		9D0520C12C47870F009C3624 /* Tests */ = {
			isa = PBXGroup;
			children = (
				9D0520BF2C477FEA009C3624 /* APIManagerTests.swift */,
				9D0520C22C47CF72009C3624 /* APIManagerTests + Inspection.swift */,
			);
			path = Tests;
			sourceTree = "<group>";
		};
		9D3389602C411642002B13D6 /* Tests */ = {
			isa = PBXGroup;
			children = (
				9D3389612C41165A002B13D6 /* LoginViewModelTests.swift */,
			);
			path = Tests;
			sourceTree = "<group>";
		};
		9D3389632C4116AD002B13D6 /* Frameworks */ = {
			isa = PBXGroup;
			children = (
				9D3389642C4116AE002B13D6 /* XCTest.framework */,
			);
			name = Frameworks;
			sourceTree = "<group>";
		};
		9D35C0D22C3BC468000D1587 = {
			isa = PBXGroup;
			children = (
				9D35C0DD2C3BC468000D1587 /* SATechnologies_Tech_Test */,
				9D35C0DC2C3BC468000D1587 /* Products */,
				9D3389632C4116AD002B13D6 /* Frameworks */,
			);
			sourceTree = "<group>";
		};
		9D35C0DC2C3BC468000D1587 /* Products */ = {
			isa = PBXGroup;
			children = (
				9D35C0DB2C3BC468000D1587 /* SATechnologies_Tech_Test.app */,
				9D3389792C412875002B13D6 /* SATechnologies_Tech_Test_Unit_Tests.xctest */,
			);
			name = Products;
			sourceTree = "<group>";
		};
		9D35C0DD2C3BC468000D1587 /* SATechnologies_Tech_Test */ = {
			isa = PBXGroup;
			children = (
				9D35C0F32C3BC4A3000D1587 /* App and Scene Delegates */,
				9D35C0F22C3BC491000D1587 /* Controllers */,
				9D35C1092C3BE3C1000D1587 /* Storyboards */,
				9D35C1112C3C01CC000D1587 /* APIManager */,
				9D35C1122C3C01E5000D1587 /* Models */,
				9D35C1132C3C0245000D1587 /* Utilities */,
				9D35C0E72C3BC469000D1587 /* Assets.xcassets */,
				9D35C0E92C3BC469000D1587 /* LaunchScreen.storyboard */,
				9D35C0EC2C3BC469000D1587 /* Info.plist */,
			);
			path = SATechnologies_Tech_Test;
			sourceTree = "<group>";
		};
		9D35C0F22C3BC491000D1587 /* Controllers */ = {
			isa = PBXGroup;
			children = (
				9D35C1032C3BD96E000D1587 /* Login */,
				9D35C1042C3BD97B000D1587 /* Register */,
				9D35C10A2C3BE41B000D1587 /* Inspection */,
				9DD43CCF2C3C2F300057D0E0 /* Inspection Questions and Answers */,
				9D58F06B2C3FF9900031C731 /* History */,
			);
			path = Controllers;
			sourceTree = "<group>";
		};
		9D35C0F32C3BC4A3000D1587 /* App and Scene Delegates */ = {
			isa = PBXGroup;
			children = (
				9D35C0DE2C3BC468000D1587 /* AppDelegate.swift */,
				9D35C0E02C3BC468000D1587 /* SceneDelegate.swift */,
			);
			path = "App and Scene Delegates";
			sourceTree = "<group>";
		};
		9D35C1032C3BD96E000D1587 /* Login */ = {
			isa = PBXGroup;
			children = (
				9D3389602C411642002B13D6 /* Tests */,
				9D35C0E22C3BC468000D1587 /* LoginViewController.swift */,
				9D35C0FF2C3BCF91000D1587 /* LoginViewModel.swift */,
			);
			path = Login;
			sourceTree = "<group>";
		};
		9D35C1042C3BD97B000D1587 /* Register */ = {
			isa = PBXGroup;
			children = (
				9DFCB2E72C424F3800682763 /* Tests */,
				9D35C0F42C3BCA07000D1587 /* RegisterVC.swift */,
				9D35C1052C3BD98A000D1587 /* RegisterViewModel.swift */,
			);
			path = Register;
			sourceTree = "<group>";
		};
		9D35C1092C3BE3C1000D1587 /* Storyboards */ = {
			isa = PBXGroup;
			children = (
				9D35C0E42C3BC468000D1587 /* Main.storyboard */,
				9D35C1072C3BE3B6000D1587 /* InspectionStoryboard.storyboard */,
				9D58F0722C3FFDB50031C731 /* HistoryStoryboard.storyboard */,
			);
			path = Storyboards;
			sourceTree = "<group>";
		};
		9D35C10A2C3BE41B000D1587 /* Inspection */ = {
			isa = PBXGroup;
			children = (
				9D35C10B2C3BE432000D1587 /* InspectionVC.swift */,
				9D35C1142C3C0AD2000D1587 /* InspectionVC+UITableViewDataSource.swift */,
				9D35C10D2C3BE44B000D1587 /* InspectionViewModel.swift */,
			);
			path = Inspection;
			sourceTree = "<group>";
		};
		9D35C1112C3C01CC000D1587 /* APIManager */ = {
			isa = PBXGroup;
			children = (
				9D35C0F62C3BCB29000D1587 /* APIManager.swift */,
				9D35C10F2C3C01A1000D1587 /* APIManager + Parser.swift */,
				9D35C0F82C3BCCEC000D1587 /* APIManager + EndPoints.swift */,
				9D0520C12C47870F009C3624 /* Tests */,
			);
			path = APIManager;
			sourceTree = "<group>";
		};
		9D35C1122C3C01E5000D1587 /* Models */ = {
			isa = PBXGroup;
			children = (
				9D3389662C4117D2002B13D6 /* InspectionModel + MockResponseData.swift */,
				9D35C0FB2C3BCD41000D1587 /* InspectionModel.swift */,
				9D35C0FD2C3BCF06000D1587 /* AuthenticationModel.swift */,
				9D21E40D2C3D17C5008077B8 /* DataManager.swift */,
			);
			path = Models;
			sourceTree = "<group>";
		};
		9D35C1132C3C0245000D1587 /* Utilities */ = {
			isa = PBXGroup;
			children = (
				9D35C1012C3BD0DB000D1587 /* UIViewController + Extensions.swift */,
			);
			path = Utilities;
			sourceTree = "<group>";
		};
		9D58F06B2C3FF9900031C731 /* History */ = {
			isa = PBXGroup;
			children = (
				9D58F06C2C3FFBC80031C731 /* HistoryVC.swift */,
				9D58F06E2C3FFBF50031C731 /* HistoryViewModel.swift */,
				9D58F0702C3FFD530031C731 /* HistoryVC+UITableViewDataSource.swift */,
				9D58F0762C400D5B0031C731 /* HistoryTableViewCell.swift */,
			);
			path = History;
			sourceTree = "<group>";
		};
		9DD43CCF2C3C2F300057D0E0 /* Inspection Questions and Answers */ = {
			isa = PBXGroup;
			children = (
				9DD43CD02C3C37DF0057D0E0 /* Inspection_QnA_VC.swift */,
				9D21E40B2C3D113E008077B8 /* Inspection_QnA+UITableView.swift */,
				9DD43CD22C3C37F30057D0E0 /* Inspection_QnA_ViewModel.swift */,
			);
			path = "Inspection Questions and Answers";
			sourceTree = "<group>";
		};
		9DFCB2E72C424F3800682763 /* Tests */ = {
			isa = PBXGroup;
			children = (
				9D0B062A2C424FD800992975 /* RegisterViewModelTests.swift */,
			);
			path = Tests;
			sourceTree = "<group>";
		};
/* End PBXGroup section */

/* Begin PBXNativeTarget section */
		9D3389782C412875002B13D6 /* SATechnologies_Tech_Test_Unit_Tests */ = {
			isa = PBXNativeTarget;
			buildConfigurationList = 9D33897F2C412875002B13D6 /* Build configuration list for PBXNativeTarget "SATechnologies_Tech_Test_Unit_Tests" */;
			buildPhases = (
				9D3389752C412875002B13D6 /* Sources */,
				9D3389762C412875002B13D6 /* Frameworks */,
				9D3389772C412875002B13D6 /* Resources */,
			);
			buildRules = (
			);
			dependencies = (
				9D33897E2C412875002B13D6 /* PBXTargetDependency */,
			);
			name = SATechnologies_Tech_Test_Unit_Tests;
			productName = SATechnologies_Tech_TestUITests;
			productReference = 9D3389792C412875002B13D6 /* SATechnologies_Tech_Test_Unit_Tests.xctest */;
			productType = "com.apple.product-type.bundle.unit-test";
		};
		9D35C0DA2C3BC468000D1587 /* SATechnologies_Tech_Test */ = {
			isa = PBXNativeTarget;
			buildConfigurationList = 9D35C0EF2C3BC469000D1587 /* Build configuration list for PBXNativeTarget "SATechnologies_Tech_Test" */;
			buildPhases = (
				9D35C0D72C3BC468000D1587 /* Sources */,
				9D35C0D82C3BC468000D1587 /* Frameworks */,
				9D35C0D92C3BC468000D1587 /* Resources */,
			);
			buildRules = (
			);
			dependencies = (
			);
			name = SATechnologies_Tech_Test;
			productName = SATechnologies_Tech_Test;
			productReference = 9D35C0DB2C3BC468000D1587 /* SATechnologies_Tech_Test.app */;
			productType = "com.apple.product-type.application";
		};
/* End PBXNativeTarget section */

/* Begin PBXProject section */
		9D35C0D32C3BC468000D1587 /* Project object */ = {
			isa = PBXProject;
			attributes = {
				BuildIndependentTargetsInParallel = 1;
				LastSwiftUpdateCheck = 1540;
				LastUpgradeCheck = 1540;
				TargetAttributes = {
					9D3389782C412875002B13D6 = {
						CreatedOnToolsVersion = 15.4;
						TestTargetID = 9D35C0DA2C3BC468000D1587;
					};
					9D35C0DA2C3BC468000D1587 = {
						CreatedOnToolsVersion = 15.4;
					};
				};
			};
			buildConfigurationList = 9D35C0D62C3BC468000D1587 /* Build configuration list for PBXProject "SATechnologies_Tech_Test" */;
			compatibilityVersion = "Xcode 14.0";
			developmentRegion = en;
			hasScannedForEncodings = 0;
			knownRegions = (
				en,
				Base,
			);
			mainGroup = 9D35C0D22C3BC468000D1587;
			productRefGroup = 9D35C0DC2C3BC468000D1587 /* Products */;
			projectDirPath = "";
			projectRoot = "";
			targets = (
				9D35C0DA2C3BC468000D1587 /* SATechnologies_Tech_Test */,
				9D3389782C412875002B13D6 /* SATechnologies_Tech_Test_Unit_Tests */,
			);
		};
/* End PBXProject section */

/* Begin PBXResourcesBuildPhase section */
		9D3389772C412875002B13D6 /* Resources */ = {
			isa = PBXResourcesBuildPhase;
			buildActionMask = 2147483647;
			files = (
			);
			runOnlyForDeploymentPostprocessing = 0;
		};
		9D35C0D92C3BC468000D1587 /* Resources */ = {
			isa = PBXResourcesBuildPhase;
			buildActionMask = 2147483647;
			files = (
				9D35C0E82C3BC469000D1587 /* Assets.xcassets in Resources */,
				9D35C0EB2C3BC469000D1587 /* Base in Resources */,
				9D35C0E62C3BC468000D1587 /* Base in Resources */,
				9D35C1082C3BE3B6000D1587 /* InspectionStoryboard.storyboard in Resources */,
				9D58F0732C3FFDB50031C731 /* HistoryStoryboard.storyboard in Resources */,
			);
			runOnlyForDeploymentPostprocessing = 0;
		};
/* End PBXResourcesBuildPhase section */

/* Begin PBXSourcesBuildPhase section */
		9D3389752C412875002B13D6 /* Sources */ = {
			isa = PBXSourcesBuildPhase;
			buildActionMask = 2147483647;
			files = (
				9D0520C32C47CF72009C3624 /* APIManagerTests + Inspection.swift in Sources */,
				9D0B062B2C424FD800992975 /* RegisterViewModelTests.swift in Sources */,
				9D3389822C412881002B13D6 /* LoginViewModelTests.swift in Sources */,
				9D0520C02C477FEA009C3624 /* APIManagerTests.swift in Sources */,
			);
			runOnlyForDeploymentPostprocessing = 0;
		};
		9D35C0D72C3BC468000D1587 /* Sources */ = {
			isa = PBXSourcesBuildPhase;
			buildActionMask = 2147483647;
			files = (
				9D35C0E32C3BC468000D1587 /* LoginViewController.swift in Sources */,
				9D58F0712C3FFD530031C731 /* HistoryVC+UITableViewDataSource.swift in Sources */,
				9D35C0F52C3BCA07000D1587 /* RegisterVC.swift in Sources */,
				9D35C0FC2C3BCD41000D1587 /* InspectionModel.swift in Sources */,
				9D35C10E2C3BE44B000D1587 /* InspectionViewModel.swift in Sources */,
				9D35C0F72C3BCB29000D1587 /* APIManager.swift in Sources */,
				9DD43CD12C3C37DF0057D0E0 /* Inspection_QnA_VC.swift in Sources */,
				9D35C1062C3BD98A000D1587 /* RegisterViewModel.swift in Sources */,
				9D3389672C4117D2002B13D6 /* InspectionModel + MockResponseData.swift in Sources */,
				9D58F06D2C3FFBC80031C731 /* HistoryVC.swift in Sources */,
				9D35C0DF2C3BC468000D1587 /* AppDelegate.swift in Sources */,
				9D35C1102C3C01A1000D1587 /* APIManager + Parser.swift in Sources */,
				9D35C10C2C3BE432000D1587 /* InspectionVC.swift in Sources */,
				9DD43CD32C3C37F30057D0E0 /* Inspection_QnA_ViewModel.swift in Sources */,
				9D35C0FE2C3BCF06000D1587 /* AuthenticationModel.swift in Sources */,
				9D58F06F2C3FFBF50031C731 /* HistoryViewModel.swift in Sources */,
				9D21E40C2C3D113E008077B8 /* Inspection_QnA+UITableView.swift in Sources */,
				9D35C0E12C3BC468000D1587 /* SceneDelegate.swift in Sources */,
				9D58F0772C400D5B0031C731 /* HistoryTableViewCell.swift in Sources */,
				9D21E40E2C3D17C5008077B8 /* DataManager.swift in Sources */,
				9D35C0F92C3BCCEC000D1587 /* APIManager + EndPoints.swift in Sources */,
				9D35C1152C3C0AD2000D1587 /* InspectionVC+UITableViewDataSource.swift in Sources */,
				9D35C1022C3BD0DB000D1587 /* UIViewController + Extensions.swift in Sources */,
				9D35C1002C3BCF91000D1587 /* LoginViewModel.swift in Sources */,
			);
			runOnlyForDeploymentPostprocessing = 0;
		};
/* End PBXSourcesBuildPhase section */

/* Begin PBXTargetDependency section */
		9D33897E2C412875002B13D6 /* PBXTargetDependency */ = {
			isa = PBXTargetDependency;
			target = 9D35C0DA2C3BC468000D1587 /* SATechnologies_Tech_Test */;
			targetProxy = 9D33897D2C412875002B13D6 /* PBXContainerItemProxy */;
		};
/* End PBXTargetDependency section */

/* Begin PBXVariantGroup section */
		9D35C0E42C3BC468000D1587 /* Main.storyboard */ = {
			isa = PBXVariantGroup;
			children = (
				9D35C0E52C3BC468000D1587 /* Base */,
			);
			name = Main.storyboard;
			sourceTree = "<group>";
		};
		9D35C0E92C3BC469000D1587 /* LaunchScreen.storyboard */ = {
			isa = PBXVariantGroup;
			children = (
				9D35C0EA2C3BC469000D1587 /* Base */,
			);
			name = LaunchScreen.storyboard;
			sourceTree = "<group>";
		};
/* End PBXVariantGroup section */

/* Begin XCBuildConfiguration section */
		9D3389802C412875002B13D6 /* Debug */ = {
			isa = XCBuildConfiguration;
			buildSettings = {
				BUNDLE_LOADER = "$(TEST_HOST)";
				CODE_SIGN_STYLE = Automatic;
				CURRENT_PROJECT_VERSION = 1;
				GENERATE_INFOPLIST_FILE = YES;
				IPHONEOS_DEPLOYMENT_TARGET = 15.0;
				MARKETING_VERSION = 1.0;
				PRODUCT_BUNDLE_IDENTIFIER = "com.test.SATechnologies-Tech-TestUITests";
				PRODUCT_NAME = "$(TARGET_NAME)";
				SUPPORTED_PLATFORMS = "iphoneos iphonesimulator";
				SUPPORTS_MACCATALYST = NO;
				SUPPORTS_MAC_DESIGNED_FOR_IPHONE_IPAD = NO;
				SUPPORTS_XR_DESIGNED_FOR_IPHONE_IPAD = NO;
				SWIFT_EMIT_LOC_STRINGS = NO;
				SWIFT_VERSION = 5.0;
				TARGETED_DEVICE_FAMILY = "1,2";
				TEST_HOST = "$(BUILT_PRODUCTS_DIR)/SATechnologies_Tech_Test.app/$(BUNDLE_EXECUTABLE_FOLDER_PATH)/SATechnologies_Tech_Test";
			};
			name = Debug;
		};
		9D3389812C412875002B13D6 /* Release */ = {
			isa = XCBuildConfiguration;
			buildSettings = {
				BUNDLE_LOADER = "$(TEST_HOST)";
				CODE_SIGN_STYLE = Automatic;
				CURRENT_PROJECT_VERSION = 1;
				GENERATE_INFOPLIST_FILE = YES;
				IPHONEOS_DEPLOYMENT_TARGET = 15.0;
				MARKETING_VERSION = 1.0;
				PRODUCT_BUNDLE_IDENTIFIER = "com.test.SATechnologies-Tech-TestUITests";
				PRODUCT_NAME = "$(TARGET_NAME)";
				SUPPORTED_PLATFORMS = "iphoneos iphonesimulator";
				SUPPORTS_MACCATALYST = NO;
				SUPPORTS_MAC_DESIGNED_FOR_IPHONE_IPAD = NO;
				SUPPORTS_XR_DESIGNED_FOR_IPHONE_IPAD = NO;
				SWIFT_EMIT_LOC_STRINGS = NO;
				SWIFT_VERSION = 5.0;
				TARGETED_DEVICE_FAMILY = "1,2";
				TEST_HOST = "$(BUILT_PRODUCTS_DIR)/SATechnologies_Tech_Test.app/$(BUNDLE_EXECUTABLE_FOLDER_PATH)/SATechnologies_Tech_Test";
			};
			name = Release;
		};
		9D35C0ED2C3BC469000D1587 /* Debug */ = {
			isa = XCBuildConfiguration;
			buildSettings = {
				ALWAYS_SEARCH_USER_PATHS = NO;
				ASSETCATALOG_COMPILER_GENERATE_SWIFT_ASSET_SYMBOL_EXTENSIONS = YES;
				CLANG_ANALYZER_NONNULL = YES;
				CLANG_ANALYZER_NUMBER_OBJECT_CONVERSION = YES_AGGRESSIVE;
				CLANG_CXX_LANGUAGE_STANDARD = "gnu++20";
				CLANG_ENABLE_MODULES = YES;
				CLANG_ENABLE_OBJC_ARC = YES;
				CLANG_ENABLE_OBJC_WEAK = YES;
				CLANG_WARN_BLOCK_CAPTURE_AUTORELEASING = YES;
				CLANG_WARN_BOOL_CONVERSION = YES;
				CLANG_WARN_COMMA = YES;
				CLANG_WARN_CONSTANT_CONVERSION = YES;
				CLANG_WARN_DEPRECATED_OBJC_IMPLEMENTATIONS = YES;
				CLANG_WARN_DIRECT_OBJC_ISA_USAGE = YES_ERROR;
				CLANG_WARN_DOCUMENTATION_COMMENTS = YES;
				CLANG_WARN_EMPTY_BODY = YES;
				CLANG_WARN_ENUM_CONVERSION = YES;
				CLANG_WARN_INFINITE_RECURSION = YES;
				CLANG_WARN_INT_CONVERSION = YES;
				CLANG_WARN_NON_LITERAL_NULL_CONVERSION = YES;
				CLANG_WARN_OBJC_IMPLICIT_RETAIN_SELF = YES;
				CLANG_WARN_OBJC_LITERAL_CONVERSION = YES;
				CLANG_WARN_OBJC_ROOT_CLASS = YES_ERROR;
				CLANG_WARN_QUOTED_INCLUDE_IN_FRAMEWORK_HEADER = YES;
				CLANG_WARN_RANGE_LOOP_ANALYSIS = YES;
				CLANG_WARN_STRICT_PROTOTYPES = YES;
				CLANG_WARN_SUSPICIOUS_MOVE = YES;
				CLANG_WARN_UNGUARDED_AVAILABILITY = YES_AGGRESSIVE;
				CLANG_WARN_UNREACHABLE_CODE = YES;
				CLANG_WARN__DUPLICATE_METHOD_MATCH = YES;
				COPY_PHASE_STRIP = NO;
				DEBUG_INFORMATION_FORMAT = dwarf;
				ENABLE_STRICT_OBJC_MSGSEND = YES;
				ENABLE_TESTABILITY = YES;
				ENABLE_USER_SCRIPT_SANDBOXING = YES;
				GCC_C_LANGUAGE_STANDARD = gnu17;
				GCC_DYNAMIC_NO_PIC = NO;
				GCC_NO_COMMON_BLOCKS = YES;
				GCC_OPTIMIZATION_LEVEL = 0;
				GCC_PREPROCESSOR_DEFINITIONS = (
					"DEBUG=1",
					"$(inherited)",
				);
				GCC_WARN_64_TO_32_BIT_CONVERSION = YES;
				GCC_WARN_ABOUT_RETURN_TYPE = YES_ERROR;
				GCC_WARN_UNDECLARED_SELECTOR = YES;
				GCC_WARN_UNINITIALIZED_AUTOS = YES_AGGRESSIVE;
				GCC_WARN_UNUSED_FUNCTION = YES;
				GCC_WARN_UNUSED_VARIABLE = YES;
				IPHONEOS_DEPLOYMENT_TARGET = 17.5;
				LOCALIZATION_PREFERS_STRING_CATALOGS = YES;
				MTL_ENABLE_DEBUG_INFO = INCLUDE_SOURCE;
				MTL_FAST_MATH = YES;
				ONLY_ACTIVE_ARCH = YES;
				SDKROOT = iphoneos;
				SWIFT_ACTIVE_COMPILATION_CONDITIONS = "DEBUG $(inherited)";
				SWIFT_OPTIMIZATION_LEVEL = "-Onone";
			};
			name = Debug;
		};
		9D35C0EE2C3BC469000D1587 /* Release */ = {
			isa = XCBuildConfiguration;
			buildSettings = {
				ALWAYS_SEARCH_USER_PATHS = NO;
				ASSETCATALOG_COMPILER_GENERATE_SWIFT_ASSET_SYMBOL_EXTENSIONS = YES;
				CLANG_ANALYZER_NONNULL = YES;
				CLANG_ANALYZER_NUMBER_OBJECT_CONVERSION = YES_AGGRESSIVE;
				CLANG_CXX_LANGUAGE_STANDARD = "gnu++20";
				CLANG_ENABLE_MODULES = YES;
				CLANG_ENABLE_OBJC_ARC = YES;
				CLANG_ENABLE_OBJC_WEAK = YES;
				CLANG_WARN_BLOCK_CAPTURE_AUTORELEASING = YES;
				CLANG_WARN_BOOL_CONVERSION = YES;
				CLANG_WARN_COMMA = YES;
				CLANG_WARN_CONSTANT_CONVERSION = YES;
				CLANG_WARN_DEPRECATED_OBJC_IMPLEMENTATIONS = YES;
				CLANG_WARN_DIRECT_OBJC_ISA_USAGE = YES_ERROR;
				CLANG_WARN_DOCUMENTATION_COMMENTS = YES;
				CLANG_WARN_EMPTY_BODY = YES;
				CLANG_WARN_ENUM_CONVERSION = YES;
				CLANG_WARN_INFINITE_RECURSION = YES;
				CLANG_WARN_INT_CONVERSION = YES;
				CLANG_WARN_NON_LITERAL_NULL_CONVERSION = YES;
				CLANG_WARN_OBJC_IMPLICIT_RETAIN_SELF = YES;
				CLANG_WARN_OBJC_LITERAL_CONVERSION = YES;
				CLANG_WARN_OBJC_ROOT_CLASS = YES_ERROR;
				CLANG_WARN_QUOTED_INCLUDE_IN_FRAMEWORK_HEADER = YES;
				CLANG_WARN_RANGE_LOOP_ANALYSIS = YES;
				CLANG_WARN_STRICT_PROTOTYPES = YES;
				CLANG_WARN_SUSPICIOUS_MOVE = YES;
				CLANG_WARN_UNGUARDED_AVAILABILITY = YES_AGGRESSIVE;
				CLANG_WARN_UNREACHABLE_CODE = YES;
				CLANG_WARN__DUPLICATE_METHOD_MATCH = YES;
				COPY_PHASE_STRIP = NO;
				DEBUG_INFORMATION_FORMAT = "dwarf-with-dsym";
				ENABLE_NS_ASSERTIONS = NO;
				ENABLE_STRICT_OBJC_MSGSEND = YES;
				ENABLE_USER_SCRIPT_SANDBOXING = YES;
				GCC_C_LANGUAGE_STANDARD = gnu17;
				GCC_NO_COMMON_BLOCKS = YES;
				GCC_WARN_64_TO_32_BIT_CONVERSION = YES;
				GCC_WARN_ABOUT_RETURN_TYPE = YES_ERROR;
				GCC_WARN_UNDECLARED_SELECTOR = YES;
				GCC_WARN_UNINITIALIZED_AUTOS = YES_AGGRESSIVE;
				GCC_WARN_UNUSED_FUNCTION = YES;
				GCC_WARN_UNUSED_VARIABLE = YES;
				IPHONEOS_DEPLOYMENT_TARGET = 17.5;
				LOCALIZATION_PREFERS_STRING_CATALOGS = YES;
				MTL_ENABLE_DEBUG_INFO = NO;
				MTL_FAST_MATH = YES;
				SDKROOT = iphoneos;
				SWIFT_COMPILATION_MODE = wholemodule;
				VALIDATE_PRODUCT = YES;
			};
			name = Release;
		};
		9D35C0F02C3BC469000D1587 /* Debug */ = {
			isa = XCBuildConfiguration;
			buildSettings = {
				ASSETCATALOG_COMPILER_APPICON_NAME = AppIcon;
				ASSETCATALOG_COMPILER_GLOBAL_ACCENT_COLOR_NAME = AccentColor;
				CODE_SIGN_STYLE = Automatic;
				CURRENT_PROJECT_VERSION = 1;
				GENERATE_INFOPLIST_FILE = YES;
				INFOPLIST_FILE = SATechnologies_Tech_Test/Info.plist;
				INFOPLIST_KEY_UIApplicationSupportsIndirectInputEvents = YES;
				INFOPLIST_KEY_UILaunchStoryboardName = LaunchScreen;
				INFOPLIST_KEY_UIMainStoryboardFile = Main;
				INFOPLIST_KEY_UISupportedInterfaceOrientations_iPad = "UIInterfaceOrientationPortrait UIInterfaceOrientationPortraitUpsideDown UIInterfaceOrientationLandscapeLeft UIInterfaceOrientationLandscapeRight";
				INFOPLIST_KEY_UISupportedInterfaceOrientations_iPhone = "UIInterfaceOrientationPortrait UIInterfaceOrientationLandscapeLeft UIInterfaceOrientationLandscapeRight";
				IPHONEOS_DEPLOYMENT_TARGET = 15.0;
				LD_RUNPATH_SEARCH_PATHS = (
					"$(inherited)",
					"@executable_path/Frameworks",
				);
				MARKETING_VERSION = 1.0;
				PRODUCT_BUNDLE_IDENTIFIER = "com.test.SATechnologies-Tech-Test";
				PRODUCT_NAME = "$(TARGET_NAME)";
				SUPPORTED_PLATFORMS = "iphoneos iphonesimulator";
				SUPPORTS_MACCATALYST = NO;
				SUPPORTS_MAC_DESIGNED_FOR_IPHONE_IPAD = NO;
				SUPPORTS_XR_DESIGNED_FOR_IPHONE_IPAD = NO;
				SWIFT_EMIT_LOC_STRINGS = YES;
				SWIFT_VERSION = 5.0;
				TARGETED_DEVICE_FAMILY = "1,2";
			};
			name = Debug;
		};
		9D35C0F12C3BC469000D1587 /* Release */ = {
			isa = XCBuildConfiguration;
			buildSettings = {
				ASSETCATALOG_COMPILER_APPICON_NAME = AppIcon;
				ASSETCATALOG_COMPILER_GLOBAL_ACCENT_COLOR_NAME = AccentColor;
				CODE_SIGN_STYLE = Automatic;
				CURRENT_PROJECT_VERSION = 1;
				GENERATE_INFOPLIST_FILE = YES;
				INFOPLIST_FILE = SATechnologies_Tech_Test/Info.plist;
				INFOPLIST_KEY_UIApplicationSupportsIndirectInputEvents = YES;
				INFOPLIST_KEY_UILaunchStoryboardName = LaunchScreen;
				INFOPLIST_KEY_UIMainStoryboardFile = Main;
				INFOPLIST_KEY_UISupportedInterfaceOrientations_iPad = "UIInterfaceOrientationPortrait UIInterfaceOrientationPortraitUpsideDown UIInterfaceOrientationLandscapeLeft UIInterfaceOrientationLandscapeRight";
				INFOPLIST_KEY_UISupportedInterfaceOrientations_iPhone = "UIInterfaceOrientationPortrait UIInterfaceOrientationLandscapeLeft UIInterfaceOrientationLandscapeRight";
				IPHONEOS_DEPLOYMENT_TARGET = 15.0;
				LD_RUNPATH_SEARCH_PATHS = (
					"$(inherited)",
					"@executable_path/Frameworks",
				);
				MARKETING_VERSION = 1.0;
				PRODUCT_BUNDLE_IDENTIFIER = "com.test.SATechnologies-Tech-Test";
				PRODUCT_NAME = "$(TARGET_NAME)";
				SUPPORTED_PLATFORMS = "iphoneos iphonesimulator";
				SUPPORTS_MACCATALYST = NO;
				SUPPORTS_MAC_DESIGNED_FOR_IPHONE_IPAD = NO;
				SUPPORTS_XR_DESIGNED_FOR_IPHONE_IPAD = NO;
				SWIFT_EMIT_LOC_STRINGS = YES;
				SWIFT_VERSION = 5.0;
				TARGETED_DEVICE_FAMILY = "1,2";
			};
			name = Release;
		};
/* End XCBuildConfiguration section */

/* Begin XCConfigurationList section */
		9D33897F2C412875002B13D6 /* Build configuration list for PBXNativeTarget "SATechnologies_Tech_Test_Unit_Tests" */ = {
			isa = XCConfigurationList;
			buildConfigurations = (
				9D3389802C412875002B13D6 /* Debug */,
				9D3389812C412875002B13D6 /* Release */,
			);
			defaultConfigurationIsVisible = 0;
			defaultConfigurationName = Release;
		};
		9D35C0D62C3BC468000D1587 /* Build configuration list for PBXProject "SATechnologies_Tech_Test" */ = {
			isa = XCConfigurationList;
			buildConfigurations = (
				9D35C0ED2C3BC469000D1587 /* Debug */,
				9D35C0EE2C3BC469000D1587 /* Release */,
			);
			defaultConfigurationIsVisible = 0;
			defaultConfigurationName = Release;
		};
		9D35C0EF2C3BC469000D1587 /* Build configuration list for PBXNativeTarget "SATechnologies_Tech_Test" */ = {
			isa = XCConfigurationList;
			buildConfigurations = (
				9D35C0F02C3BC469000D1587 /* Debug */,
				9D35C0F12C3BC469000D1587 /* Release */,
			);
			defaultConfigurationIsVisible = 0;
			defaultConfigurationName = Release;
		};
/* End XCConfigurationList section */
	};
	rootObject = 9D35C0D32C3BC468000D1587 /* Project object */;
}
